
Microsoft Visual Studio Solution File, Format Version 12.00
# Visual Studio Version 17
VisualStudioVersion = 17.11.35312.102
MinimumVisualStudioVersion = 10.0.40219.1
Project("{FAE04EC0-301F-11D3-BF4B-00C04F79EFBC}") = "App Promo Web", "App Promo Web\App Promo Web.csproj", "{C66BEE24-E93F-4A4B-B5EC-8106970B8C6E}"
EndProject
Project("{FAE04EC0-301F-11D3-BF4B-00C04F79EFBC}") = "Dominio", "Dominio\Dominio.csproj", "{85B0E4A8-AE1E-4621-8A55-D204E47E5A68}"
EndProject
Project("{FAE04EC0-301F-11D3-BF4B-00C04F79EFBC}") = "Negocio", "Negocio\Negocio.csproj", "{84128D6E-E853-4174-934A-CE87443A08FC}"
EndProject
Project("{2150E333-8FDC-42A3-9474-1A3956D46DE8}") = "Solution Items", "Solution Items", "{84DE9F37-6E3A-48A0-ABEA-B8FE0C9311AA}"
	ProjectSection(SolutionItems) = preProject
		.editorconfig = .editorconfig
	EndProjectSection
EndProject
Global
	GlobalSection(SolutionConfigurationPlatforms) = preSolution
		Debug|Any CPU = Debug|Any CPU
		Release|Any CPU = Release|Any CPU
	EndGlobalSection
	GlobalSection(ProjectConfigurationPlatforms) = postSolution
		{C66BEE24-E93F-4A4B-B5EC-8106970B8C6E}.Debug|Any CPU.ActiveCfg = Debug|Any CPU
		{C66BEE24-E93F-4A4B-B5EC-8106970B8C6E}.Debug|Any CPU.Build.0 = Debug|Any CPU
		{C66BEE24-E93F-4A4B-B5EC-8106970B8C6E}.Release|Any CPU.ActiveCfg = Release|Any CPU
		{C66BEE24-E93F-4A4B-B5EC-8106970B8C6E}.Release|Any CPU.Build.0 = Release|Any CPU
		{85B0E4A8-AE1E-4621-8A55-D204E47E5A68}.Debug|Any CPU.ActiveCfg = Debug|Any CPU
		{85B0E4A8-AE1E-4621-8A55-D204E47E5A68}.Debug|Any CPU.Build.0 = Debug|Any CPU
		{85B0E4A8-AE1E-4621-8A55-D204E47E5A68}.Release|Any CPU.ActiveCfg = Release|Any CPU
		{85B0E4A8-AE1E-4621-8A55-D204E47E5A68}.Release|Any CPU.Build.0 = Release|Any CPU
		{84128D6E-E853-4174-934A-CE87443A08FC}.Debug|Any CPU.ActiveCfg = Debug|Any CPU
		{84128D6E-E853-4174-934A-CE87443A08FC}.Debug|Any CPU.Build.0 = Debug|Any CPU
		{84128D6E-E853-4174-934A-CE87443A08FC}.Release|Any CPU.ActiveCfg = Release|Any CPU
		{84128D6E-E853-4174-934A-CE87443A08FC}.Release|Any CPU.Build.0 = Release|Any CPU
	EndGlobalSection
	GlobalSection(SolutionProperties) = preSolution
		HideSolutionNode = FALSE
	EndGlobalSection
	GlobalSection(ExtensibilityGlobals) = postSolution
		SolutionGuid = {89B93D70-99D5-46CF-B9B5-4D141F7624E1}
	EndGlobalSection
EndGlobal
